
Microsoft Visual Studio Solution File, Format Version 12.00
# Visual Studio Version 17
VisualStudioVersion = 17.2.32414.248
MinimumVisualStudioVersion = 10.0.40219.1
Project("{FAE04EC0-301F-11D3-BF4B-00C04F79EFBC}") = "GomuIso9660", "GomuIso9660.csproj", "{DCCB4F98-51D9-4415-8B7D-483ABC1F5C83}"
EndProject
Project("{FAE04EC0-301F-11D3-BF4B-00C04F79EFBC}") = "WinFormReaderTest", "WinformReaderTest\WinFormReaderTest.csproj", "{8F207A5A-049B-4D87-8AD1-F84CFFBA1ED7}"
EndProject
Project("{FAE04EC0-301F-11D3-BF4B-00C04F79EFBC}") = "WinformIsoCreator", "WinformIsoCreator\WinformIsoCreator.csproj", "{B83B01B5-872B-4F13-99F9-A4DFA1BC5C16}"
EndProject
Project("{FAE04EC0-301F-11D3-BF4B-00C04F79EFBC}") = "WinformIsoConverter", "WinformIsoConverter\WinformIsoConverter.csproj", "{4A5F714B-EA9E-4D10-80AE-7A56060742B1}"
EndProject
Global
	GlobalSection(SolutionConfigurationPlatforms) = preSolution
		Debug|Any CPU = Debug|Any CPU
		Release|Any CPU = Release|Any CPU
	EndGlobalSection
	GlobalSection(ProjectConfigurationPlatforms) = postSolution
		{DCCB4F98-51D9-4415-8B7D-483ABC1F5C83}.Debug|Any CPU.ActiveCfg = Debug|Any CPU
		{DCCB4F98-51D9-4415-8B7D-483ABC1F5C83}.Debug|Any CPU.Build.0 = Debug|Any CPU
		{DCCB4F98-51D9-4415-8B7D-483ABC1F5C83}.Release|Any CPU.ActiveCfg = Release|Any CPU
		{DCCB4F98-51D9-4415-8B7D-483ABC1F5C83}.Release|Any CPU.Build.0 = Release|Any CPU
		{8F207A5A-049B-4D87-8AD1-F84CFFBA1ED7}.Debug|Any CPU.ActiveCfg = Debug|Any CPU
		{8F207A5A-049B-4D87-8AD1-F84CFFBA1ED7}.Debug|Any CPU.Build.0 = Debug|Any CPU
		{8F207A5A-049B-4D87-8AD1-F84CFFBA1ED7}.Release|Any CPU.ActiveCfg = Release|Any CPU
		{8F207A5A-049B-4D87-8AD1-F84CFFBA1ED7}.Release|Any CPU.Build.0 = Release|Any CPU
		{B83B01B5-872B-4F13-99F9-A4DFA1BC5C16}.Debug|Any CPU.ActiveCfg = Debug|Any CPU
		{B83B01B5-872B-4F13-99F9-A4DFA1BC5C16}.Debug|Any CPU.Build.0 = Debug|Any CPU
		{B83B01B5-872B-4F13-99F9-A4DFA1BC5C16}.Release|Any CPU.ActiveCfg = Release|Any CPU
		{B83B01B5-872B-4F13-99F9-A4DFA1BC5C16}.Release|Any CPU.Build.0 = Release|Any CPU
		{4A5F714B-EA9E-4D10-80AE-7A56060742B1}.Debug|Any CPU.ActiveCfg = Debug|Any CPU
		{4A5F714B-EA9E-4D10-80AE-7A56060742B1}.Debug|Any CPU.Build.0 = Debug|Any CPU
		{4A5F714B-EA9E-4D10-80AE-7A56060742B1}.Release|Any CPU.ActiveCfg = Release|Any CPU
		{4A5F714B-EA9E-4D10-80AE-7A56060742B1}.Release|Any CPU.Build.0 = Release|Any CPU
	EndGlobalSection
	GlobalSection(SolutionProperties) = preSolution
		HideSolutionNode = FALSE
	EndGlobalSection
	GlobalSection(ExtensibilityGlobals) = postSolution
		SolutionGuid = {0B5D911E-A700-4514-80F4-55F608B44EB7}
	EndGlobalSection
EndGlobal
